<?xml version="1.0" encoding="utf-8"?>
<Project ToolsVersion="4.0" xmlns="http://schemas.microsoft.com/developer/msbuild/2003">
  <ItemGroup>
    <Filter Include="Source Files">
      <UniqueIdentifier>{4FC737F1-C7A5-4376-A066-2A32D752A2FF}</UniqueIdentifier>
      <Extensions>cpp;c;cc;cxx;def;odl;idl;hpj;bat;asm;asmx</Extensions>
    </Filter>
    <Filter Include="Header Files">
      <UniqueIdentifier>{93995380-89BD-4b04-88EB-625FBE52EBFB}</UniqueIdentifier>
      <Extensions>h;hh;hpp;hxx;hm;inl;inc;xsd</Extensions>
    </Filter>
    <Filter Include="Resource Files">
      <UniqueIdentifier>{67DA6AB6-F800-4c08-8B7A-83BB121AAD01}</UniqueIdentifier>
      <Extensions>rc;ico;cur;bmp;dlg;rc2;rct;bin;rgs;gif;jpg;jpeg;jpe;resx;tiff;tif;png;wav;mfcribbon-ms</Extensions>
    </Filter>
  </ItemGroup>
  <ItemGroup>
    <Text Include="readme.txt" />
  </ItemGroup>
  <ItemGroup>
    <ClInclude Include="c++defs.h">
      <Filter>Header Files</Filter>
    </ClInclude>
    <ClInclude Include="logging.h">
      <Filter>Header Files</Filter>
    </ClInclude>
    <ClInclude Include="miner.h">
      <Filter>Header Files</Filter>
    </ClInclude>
    <ClInclude Include="util.h">
      <Filter>Header Files</Filter>
    </ClInclude>
    <ClInclude Include="sha2.h">
      <Filter>Header Files</Filter>
    </ClInclude>
    <ClInclude Include="ccan\opt\opt.h">
      <Filter>Header Files</Filter>
    </ClInclude>
    <ClInclude Include="ccan\opt\private.h">
      <Filter>Header Files</Filter>
    </ClInclude>
    <ClInclude Include="ccan\compiler\compiler.h">
      <Filter>Header Files</Filter>
    </ClInclude>
    <ClInclude Include="arg-nonnull.h">
      <Filter>Header Files</Filter>
    </ClInclude>
    <ClInclude Include="bench_block.h">
      <Filter>Header Files</Filter>
    </ClInclude>
    <ClInclude Include="compat.h">
      <Filter>Header Files</Filter>
    </ClInclude>
    <ClInclude Include="driver-avalon.h">
      <Filter>Header Files</Filter>
    </ClInclude>
    <ClInclude Include="driver-bflsc.h">
      <Filter>Header Files</Filter>
    </ClInclude>
    <ClInclude Include="driver-bitfury.h">
      <Filter>Header Files</Filter>
    </ClInclude>
    <ClInclude Include="driver-drillbit.h">
      <Filter>Header Files</Filter>
    </ClInclude>
    <ClInclude Include="driver-hashfast.h">
      <Filter>Header Files</Filter>
    </ClInclude>
    <ClInclude Include="elist.h">
      <Filter>Header Files</Filter>
    </ClInclude>
    <ClInclude Include="fpgautils.h">
      <Filter>Header Files</Filter>
    </ClInclude>
    <ClInclude Include="hf_protocol.h">
      <Filter>Header Files</Filter>
    </ClInclude>
    <ClInclude Include="hf_protocol_be.h">
      <Filter>Header Files</Filter>
    </ClInclude>
    <ClInclude Include="klist.h">
      <Filter>Header Files</Filter>
    </ClInclude>
    <ClInclude Include="libbitfury.h">
      <Filter>Header Files</Filter>
    </ClInclude>
    <ClInclude Include="mcp2210.h">
      <Filter>Header Files</Filter>
    </ClInclude>
    <ClInclude Include="usbutils.h">
      <Filter>Header Files</Filter>
    </ClInclude>
    <ClInclude Include="uthash.h">
      <Filter>Header Files</Filter>
    </ClInclude>
    <ClInclude Include="warn-on-use.h">
      <Filter>Header Files</Filter>
    </ClInclude>
    <ClInclude Include="pthread.h">
      <Filter>Header Files</Filter>
    </ClInclude>
    <ClInclude Include="sched.h">
      <Filter>Header Files</Filter>
    </ClInclude>
    <ClInclude Include="semaphore.h">
      <Filter>Header Files</Filter>
    </ClInclude>
  </ItemGroup>
  <ItemGroup>
    <ClCompile Include="cgminer.c">
      <Filter>Source Files</Filter>
    </ClCompile>
    <ClCompile Include="driver-icarus.c">
      <Filter>Source Files</Filter>
    </ClCompile>
    <ClCompile Include="sha2.c">
      <Filter>Header Files</Filter>
    </ClCompile>
    <ClCompile Include="api.c">
      <Filter>Source Files</Filter>
    </ClCompile>
    <ClCompile Include="api-example.c">
      <Filter>Source Files</Filter>
    </ClCompile>
    <ClCompile Include="bitforce-firmware-flash.c">
      <Filter>Source Files</Filter>
    </ClCompile>
    <ClCompile Include="driver-avalon.c">
      <Filter>Source Files</Filter>
    </ClCompile>
    <ClCompile Include="driver-bab.c">
      <Filter>Source Files</Filter>
    </ClCompile>
    <ClCompile Include="driver-bflsc.c">
      <Filter>Source Files</Filter>
    </ClCompile>
    <ClCompile Include="driver-bitforce.c">
      <Filter>Source Files</Filter>
    </ClCompile>
    <ClCompile Include="driver-bitfury.c">
      <Filter>Source Files</Filter>
    </ClCompile>
    <ClCompile Include="driver-drillbit.c">
      <Filter>Source Files</Filter>
    </ClCompile>
    <ClCompile Include="driver-hashfast.c">
      <Filter>Source Files</Filter>
    </ClCompile>
    <ClCompile Include="driver-klondike.c">
      <Filter>Source Files</Filter>
    </ClCompile>
    <ClCompile Include="driver-knc-spi-fpga.c">
      <Filter>Source Files</Filter>
    </ClCompile>
    <ClCompile Include="driver-minion.c">
      <Filter>Source Files</Filter>
    </ClCompile>
    <ClCompile Include="driver-modminer.c">
      <Filter>Source Files</Filter>
    </ClCompile>
    <ClCompile Include="fpgautils.c">
      <Filter>Source Files</Filter>
    </ClCompile>
    <ClCompile Include="hexdump.c">
      <Filter>Source Files</Filter>
    </ClCompile>
    <ClCompile Include="klist.c">
      <Filter>Source Files</Filter>
    </ClCompile>
    <ClCompile Include="libbitfury.c">
      <Filter>Source Files</Filter>
    </ClCompile>
    <ClCompile Include="logging.c">
      <Filter>Source Files</Filter>
    </ClCompile>
    <ClCompile Include="mcp2210.c">
      <Filter>Source Files</Filter>
    </ClCompile>
    <ClCompile Include="usbutils.c">
      <Filter>Source Files</Filter>
    </ClCompile>
    <ClCompile Include="util.c">
      <Filter>Source Files</Filter>
    </ClCompile>
  </ItemGroup>
</Project>